
Microsoft Visual Studio Solution File, Format Version 12.00
# Visual Studio Version 17
VisualStudioVersion = 17.0.32112.339
MinimumVisualStudioVersion = 10.0.40219.1
Project("{FAE04EC0-301F-11D3-BF4B-00C04F79EFBC}") = "FutureValue", "FutureValue\FutureValue.csproj", "{B1C9BBED-6B7D-48B8-A814-B2369053E6D5}"
EndProject
Global
	GlobalSection(SolutionConfigurationPlatforms) = preSolution
		Debug|Any CPU = Debug|Any CPU
		Release|Any CPU = Release|Any CPU
	EndGlobalSection
	GlobalSection(ProjectConfigurationPlatforms) = postSolution
		{B1C9BBED-6B7D-48B8-A814-B2369053E6D5}.Debug|Any CPU.ActiveCfg = Debug|Any CPU
		{B1C9BBED-6B7D-48B8-A814-B2369053E6D5}.Debug|Any CPU.Build.0 = Debug|Any CPU
		{B1C9BBED-6B7D-48B8-A814-B2369053E6D5}.Release|Any CPU.ActiveCfg = Release|Any CPU
		{B1C9BBED-6B7D-48B8-A814-B2369053E6D5}.Release|Any CPU.Build.0 = Release|Any CPU
	EndGlobalSection
	GlobalSection(SolutionProperties) = preSolution
		HideSolutionNode = FALSE
	EndGlobalSection
	GlobalSection(ExtensibilityGlobals) = postSolution
		SolutionGuid = {5977212D-83EF-414B-B057-45364D964CEE}
	EndGlobalSection
EndGlobal
